
Microsoft Visual Studio Solution File, Format Version 12.00
# Visual Studio Version 17
VisualStudioVersion = 17.6.33717.318
MinimumVisualStudioVersion = 10.0.40219.1
Project("{FAE04EC0-301F-11D3-BF4B-00C04F79EFBC}") = "WindowsFormsApp1", "WindowsFormsApp1\WindowsFormsApp1.csproj", "{C7292B24-811D-4617-BEA8-4FC2D025B449}"
EndProject
Project("{54435603-DBB4-11D2-8724-00A0C9A8B90C}") = "Calculator", "Calculator\Calculator.vdproj", "{6923EC3E-C870-4E9B-8477-144A8013D896}"
EndProject
Global
	GlobalSection(SolutionConfigurationPlatforms) = preSolution
		Debug|Any CPU = Debug|Any CPU
		Release|Any CPU = Release|Any CPU
	EndGlobalSection
	GlobalSection(ProjectConfigurationPlatforms) = postSolution
		{C7292B24-811D-4617-BEA8-4FC2D025B449}.Debug|Any CPU.ActiveCfg = Debug|Any CPU
		{C7292B24-811D-4617-BEA8-4FC2D025B449}.Debug|Any CPU.Build.0 = Debug|Any CPU
		{C7292B24-811D-4617-BEA8-4FC2D025B449}.Release|Any CPU.ActiveCfg = Release|Any CPU
		{C7292B24-811D-4617-BEA8-4FC2D025B449}.Release|Any CPU.Build.0 = Release|Any CPU
		{6923EC3E-C870-4E9B-8477-144A8013D896}.Debug|Any CPU.ActiveCfg = Debug
		{6923EC3E-C870-4E9B-8477-144A8013D896}.Release|Any CPU.ActiveCfg = Release
	EndGlobalSection
	GlobalSection(SolutionProperties) = preSolution
		HideSolutionNode = FALSE
	EndGlobalSection
	GlobalSection(ExtensibilityGlobals) = postSolution
		SolutionGuid = {CF4F65B3-4BC8-4B41-B18E-2CD3C948F63E}
	EndGlobalSection
EndGlobal
